// !$*UTF8*$!
{
	archiveVersion = 1;
	classes = {
	};
	objectVersion = 46;
	objects = {

/* Begin PBXBuildFile section */
		43017C021CE77C1900BEC40A /* AppDelegate.swift in Sources */ = {isa = PBXBuildFile; fileRef = 43017C011CE77C1900BEC40A /* AppDelegate.swift */; };
		43017C041CE77C1900BEC40A /* ViewController.swift in Sources */ = {isa = PBXBuildFile; fileRef = 43017C031CE77C1900BEC40A /* ViewController.swift */; };
		43017C071CE77C1900BEC40A /* Main.storyboard in Resources */ = {isa = PBXBuildFile; fileRef = 43017C051CE77C1900BEC40A /* Main.storyboard */; };
		43017C091CE77C1900BEC40A /* Assets.xcassets in Resources */ = {isa = PBXBuildFile; fileRef = 43017C081CE77C1900BEC40A /* Assets.xcassets */; };
		43017C0C1CE77C1900BEC40A /* LaunchScreen.storyboard in Resources */ = {isa = PBXBuildFile; fileRef = 43017C0A1CE77C1900BEC40A /* LaunchScreen.storyboard */; };
		43017C141CE77C9400BEC40A /* StyleKit.swift in Sources */ = {isa = PBXBuildFile; fileRef = 43017C131CE77C9400BEC40A /* StyleKit.swift */; };
		43017C161CE77CB100BEC40A /* CircularLoadingBar.swift in Sources */ = {isa = PBXBuildFile; fileRef = 43017C151CE77CB100BEC40A /* CircularLoadingBar.swift */; };
/* End PBXBuildFile section */

/* Begin PBXFileReference section */
		43017BFE1CE77C1900BEC40A /* CircularLoadingBar.app */ = {isa = PBXFileReference; explicitFileType = wrapper.application; includeInIndex = 0; path = CircularLoadingBar.app; sourceTree = BUILT_PRODUCTS_DIR; };
		43017C011CE77C1900BEC40A /* AppDelegate.swift */ = {isa = PBXFileReference; lastKnownFileType = sourcecode.swift; path = AppDelegate.swift; sourceTree = "<group>"; };
		43017C031CE77C1900BEC40A /* ViewController.swift */ = {isa = PBXFileReference; lastKnownFileType = sourcecode.swift; path = ViewController.swift; sourceTree = "<group>"; };
		43017C061CE77C1900BEC40A /* Base */ = {isa = PBXFileReference; lastKnownFileType = file.storyboard; name = Base; path = Base.lproj/Main.storyboard; sourceTree = "<group>"; };
		43017C081CE77C1900BEC40A /* Assets.xcassets */ = {isa = PBXFileReference; lastKnownFileType = folder.assetcatalog; path = Assets.xcassets; sourceTree = "<group>"; };
		43017C0B1CE77C1900BEC40A /* Base */ = {isa = PBXFileReference; lastKnownFileType = file.storyboard; name = Base; path = Base.lproj/LaunchScreen.storyboard; sourceTree = "<group>"; };
		43017C0D1CE77C1900BEC40A /* Info.plist */ = {isa = PBXFileReference; lastKnownFileType = text.plist.xml; path = Info.plist; sourceTree = "<group>"; };
		43017C131CE77C9400BEC40A /* StyleKit.swift */ = {isa = PBXFileReference; fileEncoding = 4; lastKnownFileType = sourcecode.swift; path = StyleKit.swift; sourceTree = "<group>"; };
		43017C151CE77CB100BEC40A /* CircularLoadingBar.swift */ = {isa = PBXFileReference; fileEncoding = 4; lastKnownFileType = sourcecode.swift; path = CircularLoadingBar.swift; sourceTree = "<group>"; };
/* End PBXFileReference section */

/* Begin PBXFrameworksBuildPhase section */
		43017BFB1CE77C1900BEC40A /* Frameworks */ = {
			isa = PBXFrameworksBuildPhase;
			buildActionMask = 2147483647;
			files = (
			);
			runOnlyForDeploymentPostprocessing = 0;
		};
/* End PBXFrameworksBuildPhase section */

/* Begin PBXGroup section */
		43017BF51CE77C1900BEC40A = {
			isa = PBXGroup;
			children = (
				43017C001CE77C1900BEC40A /* CircularLoadingBar */,
				43017BFF1CE77C1900BEC40A /* Products */,
			);
			sourceTree = "<group>";
		};
		43017BFF1CE77C1900BEC40A /* Products */ = {
			isa = PBXGroup;
			children = (
				43017BFE1CE77C1900BEC40A /* CircularLoadingBar.app */,
			);
			name = Products;
			sourceTree = "<group>";
		};
		43017C001CE77C1900BEC40A /* CircularLoadingBar */ = {
			isa = PBXGroup;
			children = (
				43017C011CE77C1900BEC40A /* AppDelegate.swift */,
				43017C081CE77C1900BEC40A /* Assets.xcassets */,
				43017C151CE77CB100BEC40A /* CircularLoadingBar.swift */,
				43017C0D1CE77C1900BEC40A /* Info.plist */,
				43017C0A1CE77C1900BEC40A /* LaunchScreen.storyboard */,
				43017C051CE77C1900BEC40A /* Main.storyboard */,
				43017C131CE77C9400BEC40A /* StyleKit.swift */,
				43017C031CE77C1900BEC40A /* ViewController.swift */,
			);
			path = CircularLoadingBar;
			sourceTree = "<group>";
		};
/* End PBXGroup section */

/* Begin PBXNativeTarget section */
		43017BFD1CE77C1900BEC40A /* CircularLoadingBar */ = {
			isa = PBXNativeTarget;
			buildConfigurationList = 43017C101CE77C1900BEC40A /* Build configuration list for PBXNativeTarget "CircularLoadingBar" */;
			buildPhases = (
				43017BFA1CE77C1900BEC40A /* Sources */,
				43017BFB1CE77C1900BEC40A /* Frameworks */,
				43017BFC1CE77C1900BEC40A /* Resources */,
			);
			buildRules = (
			);
			dependencies = (
			);
			name = CircularLoadingBar;
			productName = CircularLoadingBar;
			productReference = 43017BFE1CE77C1900BEC40A /* CircularLoadingBar.app */;
			productType = "com.apple.product-type.application";
		};
/* End PBXNativeTarget section */

/* Begin PBXProject section */
		43017BF61CE77C1900BEC40A /* Project object */ = {
			isa = PBXProject;
			attributes = {
				LastSwiftUpdateCheck = 0730;
				LastUpgradeCheck = 0830;
				ORGANIZATIONNAME = "Gerardo Blanco García";
				TargetAttributes = {
					43017BFD1CE77C1900BEC40A = {
						CreatedOnToolsVersion = 7.3;
						DevelopmentTeam = CQ235PGEX8;
						LastSwiftMigration = 0830;
					};
				};
			};
			buildConfigurationList = 43017BF91CE77C1900BEC40A /* Build configuration list for PBXProject "CircularLoadingBar" */;
			compatibilityVersion = "Xcode 3.2";
			developmentRegion = English;
			hasScannedForEncodings = 0;
			knownRegions = (
				en,
				Base,
			);
			mainGroup = 43017BF51CE77C1900BEC40A;
			productRefGroup = 43017BFF1CE77C1900BEC40A /* Products */;
			projectDirPath = "";
			projectRoot = "";
			targets = (
				43017BFD1CE77C1900BEC40A /* CircularLoadingBar */,
			);
		};
/* End PBXProject section */

/* Begin PBXResourcesBuildPhase section */
		43017BFC1CE77C1900BEC40A /* Resources */ = {
			isa = PBXResourcesBuildPhase;
			buildActionMask = 2147483647;
			files = (
				43017C0C1CE77C1900BEC40A /* LaunchScreen.storyboard in Resources */,
				43017C091CE77C1900BEC40A /* Assets.xcassets in Resources */,
				43017C071CE77C1900BEC40A /* Main.storyboard in Resources */,
			);
			runOnlyForDeploymentPostprocessing = 0;
		};
/* End PBXResourcesBuildPhase section */

/* Begin PBXSourcesBuildPhase section */
		43017BFA1CE77C1900BEC40A /* Sources */ = {
			isa = PBXSourcesBuildPhase;
			buildActionMask = 2147483647;
			files = (
				43017C141CE77C9400BEC40A /* StyleKit.swift in Sources */,
				43017C041CE77C1900BEC40A /* ViewController.swift in Sources */,
				43017C021CE77C1900BEC40A /* AppDelegate.swift in Sources */,
				43017C161CE77CB100BEC40A /* CircularLoadingBar.swift in Sources */,
			);
			runOnlyForDeploymentPostprocessing = 0;
		};
/* End PBXSourcesBuildPhase section */

/* Begin PBXVariantGroup section */
		43017C051CE77C1900BEC40A /* Main.storyboard */ = {
			isa = PBXVariantGroup;
			children = (
				43017C061CE77C1900BEC40A /* Base */,
			);
			name = Main.storyboard;
			sourceTree = "<group>";
		};
		43017C0A1CE77C1900BEC40A /* LaunchScreen.storyboard */ = {
			isa = PBXVariantGroup;
			children = (
				43017C0B1CE77C1900BEC40A /* Base */,
			);
			name = LaunchScreen.storyboard;
			sourceTree = "<group>";
		};
/* End PBXVariantGroup section */

/* Begin XCBuildConfiguration section */
		43017C0E1CE77C1900BEC40A /* Debug */ = {
			isa = XCBuildConfiguration;
			buildSettings = {
				ALWAYS_SEARCH_USER_PATHS = NO;
				CLANG_ANALYZER_NONNULL = YES;
				CLANG_CXX_LANGUAGE_STANDARD = "gnu++0x";
				CLANG_CXX_LIBRARY = "libc++";
				CLANG_ENABLE_MODULES = YES;
				CLANG_ENABLE_OBJC_ARC = YES;
				CLANG_WARN_BOOL_CONVERSION = YES;
				CLANG_WARN_CONSTANT_CONVERSION = YES;
				CLANG_WARN_DIRECT_OBJC_ISA_USAGE = YES_ERROR;
				CLANG_WARN_EMPTY_BODY = YES;
				CLANG_WARN_ENUM_CONVERSION = YES;
				CLANG_WARN_INFINITE_RECURSION = YES;
				CLANG_WARN_INT_CONVERSION = YES;
				CLANG_WARN_OBJC_ROOT_CLASS = YES_ERROR;
				CLANG_WARN_SUSPICIOUS_MOVE = YES;
				CLANG_WARN_UNREACHABLE_CODE = YES;
				CLANG_WARN__DUPLICATE_METHOD_MATCH = YES;
				"CODE_SIGN_IDENTITY[sdk=iphoneos*]" = "iPhone Developer";
				COPY_PHASE_STRIP = NO;
				DEBUG_INFORMATION_FORMAT = dwarf;
				ENABLE_STRICT_OBJC_MSGSEND = YES;
				ENABLE_TESTABILITY = YES;
				GCC_C_LANGUAGE_STANDARD = gnu99;
				GCC_DYNAMIC_NO_PIC = NO;
				GCC_NO_COMMON_BLOCKS = YES;
				GCC_OPTIMIZATION_LEVEL = 0;
				GCC_PREPROCESSOR_DEFINITIONS = (
					"DEBUG=1",
					"$(inherited)",
				);
				GCC_WARN_64_TO_32_BIT_CONVERSION = YES;
				GCC_WARN_ABOUT_RETURN_TYPE = YES_ERROR;
				GCC_WARN_UNDECLARED_SELECTOR = YES;
				GCC_WARN_UNINITIALIZED_AUTOS = YES_AGGRESSIVE;
				GCC_WARN_UNUSED_FUNCTION = YES;
				GCC_WARN_UNUSED_VARIABLE = YES;
				IPHONEOS_DEPLOYMENT_TARGET = 9.3;
				MTL_ENABLE_DEBUG_INFO = YES;
				ONLY_ACTIVE_ARCH = YES;
				SDKROOT = iphoneos;
				SWIFT_OPTIMIZATION_LEVEL = "-Onone";
				TARGETED_DEVICE_FAMILY = "1,2";
			};
			name = Debug;
		};
		43017C0F1CE77C1900BEC40A /* Release */ = {
			isa = XCBuildConfiguration;
			buildSettings = {
				ALWAYS_SEARCH_USER_PATHS = NO;
				CLANG_ANALYZER_NONNULL = YES;
				CLANG_CXX_LANGUAGE_STANDARD = "gnu++0x";
				CLANG_CXX_LIBRARY = "libc++";
				CLANG_ENABLE_MODULES = YES;
				CLANG_ENABLE_OBJC_ARC = YES;
				CLANG_WARN_BOOL_CONVERSION = YES;
				CLANG_WARN_CONSTANT_CONVERSION = YES;
				CLANG_WARN_DIRECT_OBJC_ISA_USAGE = YES_ERROR;
				CLANG_WARN_EMPTY_BODY = YES;
				CLANG_WARN_ENUM_CONVERSION = YES;
				CLANG_WARN_INFINITE_RECURSION = YES;
				CLANG_WARN_INT_CONVERSION = YES;
				CLANG_WARN_OBJC_ROOT_CLASS = YES_ERROR;
				CLANG_WARN_SUSPICIOUS_MOVE = YES;
				CLANG_WARN_UNREACHABLE_CODE = YES;
				CLANG_WARN__DUPLICATE_METHOD_MATCH = YES;
				"CODE_SIGN_IDENTITY[sdk=iphoneos*]" = "iPhone Developer";
				COPY_PHASE_STRIP = NO;
				DEBUG_INFORMATION_FORMAT = "dwarf-with-dsym";
				ENABLE_NS_ASSERTIONS = NO;
				ENABLE_STRICT_OBJC_MSGSEND = YES;
				GCC_C_LANGUAGE_STANDARD = gnu99;
				GCC_NO_COMMON_BLOCKS = YES;
				GCC_WARN_64_TO_32_BIT_CONVERSION = YES;
				GCC_WARN_ABOUT_RETURN_TYPE = YES_ERROR;
				GCC_WARN_UNDECLARED_SELECTOR = YES;
				GCC_WARN_UNINITIALIZED_AUTOS = YES_AGGRESSIVE;
				GCC_WARN_UNUSED_FUNCTION = YES;
				GCC_WARN_UNUSED_VARIABLE = YES;
				IPHONEOS_DEPLOYMENT_TARGET = 9.3;
				MTL_ENABLE_DEBUG_INFO = NO;
				SDKROOT = iphoneos;
				SWIFT_OPTIMIZATION_LEVEL = "-Owholemodule";
				TARGETED_DEVICE_FAMILY = "1,2";
				VALIDATE_PRODUCT = YES;
			};
			name = Release;
		};
		43017C111CE77C1900BEC40A /* Debug */ = {
			isa = XCBuildConfiguration;
			buildSettings = {
				ASSETCATALOG_COMPILER_APPICON_NAME = AppIcon;
				DEVELOPMENT_TEAM = CQ235PGEX8;
				INFOPLIST_FILE = CircularLoadingBar/Info.plist;
				LD_RUNPATH_SEARCH_PATHS = "$(inherited) @executable_path/Frameworks";
				PRODUCT_BUNDLE_IDENTIFIER = com.gblancogarcia.CircularLoadingBar;
				PRODUCT_NAME = "$(TARGET_NAME)";
				SWIFT_VERSION = 3.0;
				TARGETED_DEVICE_FAMILY = 1;
			};
			name = Debug;
		};
		43017C121CE77C1900BEC40A /* Release */ = {
			isa = XCBuildConfiguration;
			buildSettings = {
				ASSETCATALOG_COMPILER_APPICON_NAME = AppIcon;
				DEVELOPMENT_TEAM = CQ235PGEX8;
				INFOPLIST_FILE = CircularLoadingBar/Info.plist;
				LD_RUNPATH_SEARCH_PATHS = "$(inherited) @executable_path/Frameworks";
				PRODUCT_BUNDLE_IDENTIFIER = com.gblancogarcia.CircularLoadingBar;
				PRODUCT_NAME = "$(TARGET_NAME)";
				SWIFT_VERSION = 3.0;
				TARGETED_DEVICE_FAMILY = 1;
			};
			name = Release;
		};
/* End XCBuildConfiguration section */

/* Begin XCConfigurationList section */
		43017BF91CE77C1900BEC40A /* Build configuration list for PBXProject "CircularLoadingBar" */ = {
			isa = XCConfigurationList;
			buildConfigurations = (
				43017C0E1CE77C1900BEC40A /* Debug */,
				43017C0F1CE77C1900BEC40A /* Release */,
			);
			defaultConfigurationIsVisible = 0;
			defaultConfigurationName = Release;
		};
		43017C101CE77C1900BEC40A /* Build configuration list for PBXNativeTarget "CircularLoadingBar" */ = {
			isa = XCConfigurationList;
			buildConfigurations = (
				43017C111CE77C1900BEC40A /* Debug */,
				43017C121CE77C1900BEC40A /* Release */,
			);
			defaultConfigurationIsVisible = 0;
			defaultConfigurationName = Release;
		};
/* End XCConfigurationList section */
	};
	rootObject = 43017BF61CE77C1900BEC40A /* Project object */;
}
